// !$*UTF8*$!
{
	archiveVersion = 1;
	classes = {
	};
	objectVersion = 55;
	objects = {

/* Begin PBXBuildFile section */
		F30CB6BD2805D448000E4020 /* APIServices.swift in Sources */ = {isa = PBXBuildFile; fileRef = F30CB6BC2805D448000E4020 /* APIServices.swift */; };
		F30CB6C02805D49C000E4020 /* Urls.swift in Sources */ = {isa = PBXBuildFile; fileRef = F30CB6BF2805D49C000E4020 /* Urls.swift */; };
		F30CB6C32805D654000E4020 /* PokemonListModel.swift in Sources */ = {isa = PBXBuildFile; fileRef = F30CB6C22805D654000E4020 /* PokemonListModel.swift */; };
		F30CB6C52805D77C000E4020 /* PokemonModel.swift in Sources */ = {isa = PBXBuildFile; fileRef = F30CB6C42805D77B000E4020 /* PokemonModel.swift */; };
		F30CB6C92805E3C7000E4020 /* MainPokedexViewModel.swift in Sources */ = {isa = PBXBuildFile; fileRef = F30CB6C82805E3C7000E4020 /* MainPokedexViewModel.swift */; };
		F376E0F52805EFA600139ED2 /* MainPokedexCollectionViewCell.swift in Sources */ = {isa = PBXBuildFile; fileRef = F376E0F42805EFA500139ED2 /* MainPokedexCollectionViewCell.swift */; };
		F39372942894640800B8DEC7 /* SDWebImage in Frameworks */ = {isa = PBXBuildFile; productRef = F39372932894640800B8DEC7 /* SDWebImage */; };
		F3E2C0D42805EED7005427C3 /* MainPokedexCollectionViewController.swift in Sources */ = {isa = PBXBuildFile; fileRef = F3E2C0D32805EED7005427C3 /* MainPokedexCollectionViewController.swift */; };
		F3ED03E827FD160C00288CE6 /* AppDelegate.swift in Sources */ = {isa = PBXBuildFile; fileRef = F3ED03E727FD160C00288CE6 /* AppDelegate.swift */; };
		F3ED03EA27FD160C00288CE6 /* SceneDelegate.swift in Sources */ = {isa = PBXBuildFile; fileRef = F3ED03E927FD160C00288CE6 /* SceneDelegate.swift */; };
		F3ED03EC27FD160C00288CE6 /* ViewController.swift in Sources */ = {isa = PBXBuildFile; fileRef = F3ED03EB27FD160C00288CE6 /* ViewController.swift */; };
		F3ED03EF27FD160C00288CE6 /* Main.storyboard in Resources */ = {isa = PBXBuildFile; fileRef = F3ED03ED27FD160C00288CE6 /* Main.storyboard */; };
		F3ED03F227FD160C00288CE6 /* Pokedex.xcdatamodeld in Sources */ = {isa = PBXBuildFile; fileRef = F3ED03F027FD160C00288CE6 /* Pokedex.xcdatamodeld */; };
		F3ED03F427FD160E00288CE6 /* Assets.xcassets in Resources */ = {isa = PBXBuildFile; fileRef = F3ED03F327FD160E00288CE6 /* Assets.xcassets */; };
		F3ED03F727FD160E00288CE6 /* LaunchScreen.storyboard in Resources */ = {isa = PBXBuildFile; fileRef = F3ED03F527FD160E00288CE6 /* LaunchScreen.storyboard */; };
		F3ED040227FD160E00288CE6 /* PokedexTests.swift in Sources */ = {isa = PBXBuildFile; fileRef = F3ED040127FD160E00288CE6 /* PokedexTests.swift */; };
		F3ED040C27FD160E00288CE6 /* PokedexUITests.swift in Sources */ = {isa = PBXBuildFile; fileRef = F3ED040B27FD160E00288CE6 /* PokedexUITests.swift */; };
		F3ED040E27FD160E00288CE6 /* PokedexUITestsLaunchTests.swift in Sources */ = {isa = PBXBuildFile; fileRef = F3ED040D27FD160E00288CE6 /* PokedexUITestsLaunchTests.swift */; };
		F3ED041C27FD1D3D00288CE6 /* MainPokedexCell.swift in Sources */ = {isa = PBXBuildFile; fileRef = F3ED041B27FD1D3D00288CE6 /* MainPokedexCell.swift */; };
		F3ED041E27FD1D4900288CE6 /* MainPokedexCell.xib in Resources */ = {isa = PBXBuildFile; fileRef = F3ED041D27FD1D4900288CE6 /* MainPokedexCell.xib */; };
		F3ED042127FD20BA00288CE6 /* MainPokedexViewController.swift in Sources */ = {isa = PBXBuildFile; fileRef = F3ED042027FD20BA00288CE6 /* MainPokedexViewController.swift */; };
/* End PBXBuildFile section */

/* Begin PBXContainerItemProxy section */
		F3ED03FE27FD160E00288CE6 /* PBXContainerItemProxy */ = {
			isa = PBXContainerItemProxy;
			containerPortal = F3ED03DC27FD160C00288CE6 /* Project object */;
			proxyType = 1;
			remoteGlobalIDString = F3ED03E327FD160C00288CE6;
			remoteInfo = Pokedex;
		};
		F3ED040827FD160E00288CE6 /* PBXContainerItemProxy */ = {
			isa = PBXContainerItemProxy;
			containerPortal = F3ED03DC27FD160C00288CE6 /* Project object */;
			proxyType = 1;
			remoteGlobalIDString = F3ED03E327FD160C00288CE6;
			remoteInfo = Pokedex;
		};
/* End PBXContainerItemProxy section */

/* Begin PBXFileReference section */
		F30CB6BC2805D448000E4020 /* APIServices.swift */ = {isa = PBXFileReference; lastKnownFileType = sourcecode.swift; path = APIServices.swift; sourceTree = "<group>"; };
		F30CB6BF2805D49C000E4020 /* Urls.swift */ = {isa = PBXFileReference; lastKnownFileType = sourcecode.swift; path = Urls.swift; sourceTree = "<group>"; };
		F30CB6C22805D654000E4020 /* PokemonListModel.swift */ = {isa = PBXFileReference; lastKnownFileType = sourcecode.swift; path = PokemonListModel.swift; sourceTree = "<group>"; };
		F30CB6C42805D77B000E4020 /* PokemonModel.swift */ = {isa = PBXFileReference; lastKnownFileType = sourcecode.swift; path = PokemonModel.swift; sourceTree = "<group>"; };
		F30CB6C82805E3C7000E4020 /* MainPokedexViewModel.swift */ = {isa = PBXFileReference; lastKnownFileType = sourcecode.swift; path = MainPokedexViewModel.swift; sourceTree = "<group>"; };
		F376E0F42805EFA500139ED2 /* MainPokedexCollectionViewCell.swift */ = {isa = PBXFileReference; lastKnownFileType = sourcecode.swift; path = MainPokedexCollectionViewCell.swift; sourceTree = "<group>"; };
		F3E2C0D32805EED7005427C3 /* MainPokedexCollectionViewController.swift */ = {isa = PBXFileReference; lastKnownFileType = sourcecode.swift; path = MainPokedexCollectionViewController.swift; sourceTree = "<group>"; };
		F3ED03E427FD160C00288CE6 /* Pokedex.app */ = {isa = PBXFileReference; explicitFileType = wrapper.application; includeInIndex = 0; path = Pokedex.app; sourceTree = BUILT_PRODUCTS_DIR; };
		F3ED03E727FD160C00288CE6 /* AppDelegate.swift */ = {isa = PBXFileReference; lastKnownFileType = sourcecode.swift; path = AppDelegate.swift; sourceTree = "<group>"; };
		F3ED03E927FD160C00288CE6 /* SceneDelegate.swift */ = {isa = PBXFileReference; lastKnownFileType = sourcecode.swift; path = SceneDelegate.swift; sourceTree = "<group>"; };
		F3ED03EB27FD160C00288CE6 /* ViewController.swift */ = {isa = PBXFileReference; lastKnownFileType = sourcecode.swift; path = ViewController.swift; sourceTree = "<group>"; };
		F3ED03EE27FD160C00288CE6 /* Base */ = {isa = PBXFileReference; lastKnownFileType = file.storyboard; name = Base; path = Base.lproj/Main.storyboard; sourceTree = "<group>"; };
		F3ED03F127FD160C00288CE6 /* Pokedex.xcdatamodel */ = {isa = PBXFileReference; lastKnownFileType = wrapper.xcdatamodel; path = Pokedex.xcdatamodel; sourceTree = "<group>"; };
		F3ED03F327FD160E00288CE6 /* Assets.xcassets */ = {isa = PBXFileReference; lastKnownFileType = folder.assetcatalog; path = Assets.xcassets; sourceTree = "<group>"; };
		F3ED03F627FD160E00288CE6 /* Base */ = {isa = PBXFileReference; lastKnownFileType = file.storyboard; name = Base; path = Base.lproj/LaunchScreen.storyboard; sourceTree = "<group>"; };
		F3ED03F827FD160E00288CE6 /* Info.plist */ = {isa = PBXFileReference; lastKnownFileType = text.plist.xml; path = Info.plist; sourceTree = "<group>"; };
		F3ED03FD27FD160E00288CE6 /* PokedexTests.xctest */ = {isa = PBXFileReference; explicitFileType = wrapper.cfbundle; includeInIndex = 0; path = PokedexTests.xctest; sourceTree = BUILT_PRODUCTS_DIR; };
		F3ED040127FD160E00288CE6 /* PokedexTests.swift */ = {isa = PBXFileReference; lastKnownFileType = sourcecode.swift; path = PokedexTests.swift; sourceTree = "<group>"; };
		F3ED040727FD160E00288CE6 /* PokedexUITests.xctest */ = {isa = PBXFileReference; explicitFileType = wrapper.cfbundle; includeInIndex = 0; path = PokedexUITests.xctest; sourceTree = BUILT_PRODUCTS_DIR; };
		F3ED040B27FD160E00288CE6 /* PokedexUITests.swift */ = {isa = PBXFileReference; lastKnownFileType = sourcecode.swift; path = PokedexUITests.swift; sourceTree = "<group>"; };
		F3ED040D27FD160E00288CE6 /* PokedexUITestsLaunchTests.swift */ = {isa = PBXFileReference; lastKnownFileType = sourcecode.swift; path = PokedexUITestsLaunchTests.swift; sourceTree = "<group>"; };
		F3ED041B27FD1D3D00288CE6 /* MainPokedexCell.swift */ = {isa = PBXFileReference; lastKnownFileType = sourcecode.swift; path = MainPokedexCell.swift; sourceTree = "<group>"; };
		F3ED041D27FD1D4900288CE6 /* MainPokedexCell.xib */ = {isa = PBXFileReference; lastKnownFileType = file.xib; path = MainPokedexCell.xib; sourceTree = "<group>"; };
		F3ED042027FD20BA00288CE6 /* MainPokedexViewController.swift */ = {isa = PBXFileReference; lastKnownFileType = sourcecode.swift; path = MainPokedexViewController.swift; sourceTree = "<group>"; };
/* End PBXFileReference section */

/* Begin PBXFrameworksBuildPhase section */
		F3ED03E127FD160C00288CE6 /* Frameworks */ = {
			isa = PBXFrameworksBuildPhase;
			buildActionMask = 2147483647;
			files = (
				F39372942894640800B8DEC7 /* SDWebImage in Frameworks */,
			);
			runOnlyForDeploymentPostprocessing = 0;
		};
		F3ED03FA27FD160E00288CE6 /* Frameworks */ = {
			isa = PBXFrameworksBuildPhase;
			buildActionMask = 2147483647;
			files = (
			);
			runOnlyForDeploymentPostprocessing = 0;
		};
		F3ED040427FD160E00288CE6 /* Frameworks */ = {
			isa = PBXFrameworksBuildPhase;
			buildActionMask = 2147483647;
			files = (
			);
			runOnlyForDeploymentPostprocessing = 0;
		};
/* End PBXFrameworksBuildPhase section */

/* Begin PBXGroup section */
		F30CB6BB2805D3FF000E4020 /* API */ = {
			isa = PBXGroup;
			children = (
				F30CB6BE2805D480000E4020 /* EndPoints */,
				F30CB6BC2805D448000E4020 /* APIServices.swift */,
			);
			path = API;
			sourceTree = "<group>";
		};
		F30CB6BE2805D480000E4020 /* EndPoints */ = {
			isa = PBXGroup;
			children = (
				F30CB6BF2805D49C000E4020 /* Urls.swift */,
			);
			path = EndPoints;
			sourceTree = "<group>";
		};
		F30CB6C12805D560000E4020 /* Model */ = {
			isa = PBXGroup;
			children = (
				F30CB6C22805D654000E4020 /* PokemonListModel.swift */,
				F30CB6C42805D77B000E4020 /* PokemonModel.swift */,
			);
			path = Model;
			sourceTree = "<group>";
		};
		F30CB6C72805E3A4000E4020 /* MainPokedex */ = {
			isa = PBXGroup;
			children = (
				F3ED042027FD20BA00288CE6 /* MainPokedexViewController.swift */,
				F30CB6C82805E3C7000E4020 /* MainPokedexViewModel.swift */,
			);
			path = MainPokedex;
			sourceTree = "<group>";
		};
		F376E0F22805EF4200139ED2 /* MainPokedexCellTableView */ = {
			isa = PBXGroup;
			children = (
				F3ED041B27FD1D3D00288CE6 /* MainPokedexCell.swift */,
				F3ED041D27FD1D4900288CE6 /* MainPokedexCell.xib */,
			);
			path = MainPokedexCellTableView;
			sourceTree = "<group>";
		};
		F376E0F32805EF6600139ED2 /* MainPokedexCellCollectionView */ = {
			isa = PBXGroup;
			children = (
				F376E0F42805EFA500139ED2 /* MainPokedexCollectionViewCell.swift */,
			);
			path = MainPokedexCellCollectionView;
			sourceTree = "<group>";
		};
		F3E2C0D22805EE9D005427C3 /* MainPokedexCollectionView */ = {
			isa = PBXGroup;
			children = (
				F3E2C0D32805EED7005427C3 /* MainPokedexCollectionViewController.swift */,
			);
			path = MainPokedexCollectionView;
			sourceTree = "<group>";
		};
		F3ED03DB27FD160C00288CE6 = {
			isa = PBXGroup;
			children = (
				F3ED03E627FD160C00288CE6 /* Pokedex */,
				F3ED040027FD160E00288CE6 /* PokedexTests */,
				F3ED040A27FD160E00288CE6 /* PokedexUITests */,
				F3ED03E527FD160C00288CE6 /* Products */,
			);
			sourceTree = "<group>";
		};
		F3ED03E527FD160C00288CE6 /* Products */ = {
			isa = PBXGroup;
			children = (
				F3ED03E427FD160C00288CE6 /* Pokedex.app */,
				F3ED03FD27FD160E00288CE6 /* PokedexTests.xctest */,
				F3ED040727FD160E00288CE6 /* PokedexUITests.xctest */,
			);
			name = Products;
			sourceTree = "<group>";
		};
		F3ED03E627FD160C00288CE6 /* Pokedex */ = {
			isa = PBXGroup;
			children = (
				F30CB6C12805D560000E4020 /* Model */,
				F30CB6BB2805D3FF000E4020 /* API */,
				F3ED041F27FD209200288CE6 /* Controllers */,
				F3ED041A27FD1D0E00288CE6 /* Cells */,
				F3ED03E727FD160C00288CE6 /* AppDelegate.swift */,
				F3ED03E927FD160C00288CE6 /* SceneDelegate.swift */,
				F3ED03EB27FD160C00288CE6 /* ViewController.swift */,
				F3ED03ED27FD160C00288CE6 /* Main.storyboard */,
				F3ED03F327FD160E00288CE6 /* Assets.xcassets */,
				F3ED03F527FD160E00288CE6 /* LaunchScreen.storyboard */,
				F3ED03F827FD160E00288CE6 /* Info.plist */,
				F3ED03F027FD160C00288CE6 /* Pokedex.xcdatamodeld */,
			);
			path = Pokedex;
			sourceTree = "<group>";
		};
		F3ED040027FD160E00288CE6 /* PokedexTests */ = {
			isa = PBXGroup;
			children = (
				F3ED040127FD160E00288CE6 /* PokedexTests.swift */,
			);
			path = PokedexTests;
			sourceTree = "<group>";
		};
		F3ED040A27FD160E00288CE6 /* PokedexUITests */ = {
			isa = PBXGroup;
			children = (
				F3ED040B27FD160E00288CE6 /* PokedexUITests.swift */,
				F3ED040D27FD160E00288CE6 /* PokedexUITestsLaunchTests.swift */,
			);
			path = PokedexUITests;
			sourceTree = "<group>";
		};
		F3ED041A27FD1D0E00288CE6 /* Cells */ = {
			isa = PBXGroup;
			children = (
				F376E0F32805EF6600139ED2 /* MainPokedexCellCollectionView */,
				F376E0F22805EF4200139ED2 /* MainPokedexCellTableView */,
			);
			path = Cells;
			sourceTree = "<group>";
		};
		F3ED041F27FD209200288CE6 /* Controllers */ = {
			isa = PBXGroup;
			children = (
				F3E2C0D22805EE9D005427C3 /* MainPokedexCollectionView */,
				F30CB6C72805E3A4000E4020 /* MainPokedex */,
			);
			path = Controllers;
			sourceTree = "<group>";
		};
/* End PBXGroup section */

/* Begin PBXNativeTarget section */
		F3ED03E327FD160C00288CE6 /* Pokedex */ = {
			isa = PBXNativeTarget;
			buildConfigurationList = F3ED041127FD160E00288CE6 /* Build configuration list for PBXNativeTarget "Pokedex" */;
			buildPhases = (
				F3ED03E027FD160C00288CE6 /* Sources */,
				F3ED03E127FD160C00288CE6 /* Frameworks */,
				F3ED03E227FD160C00288CE6 /* Resources */,
			);
			buildRules = (
			);
			dependencies = (
			);
			name = Pokedex;
			packageProductDependencies = (
				F39372932894640800B8DEC7 /* SDWebImage */,
			);
			productName = Pokedex;
			productReference = F3ED03E427FD160C00288CE6 /* Pokedex.app */;
			productType = "com.apple.product-type.application";
		};
		F3ED03FC27FD160E00288CE6 /* PokedexTests */ = {
			isa = PBXNativeTarget;
			buildConfigurationList = F3ED041427FD160E00288CE6 /* Build configuration list for PBXNativeTarget "PokedexTests" */;
			buildPhases = (
				F3ED03F927FD160E00288CE6 /* Sources */,
				F3ED03FA27FD160E00288CE6 /* Frameworks */,
				F3ED03FB27FD160E00288CE6 /* Resources */,
			);
			buildRules = (
			);
			dependencies = (
				F3ED03FF27FD160E00288CE6 /* PBXTargetDependency */,
			);
			name = PokedexTests;
			productName = PokedexTests;
			productReference = F3ED03FD27FD160E00288CE6 /* PokedexTests.xctest */;
			productType = "com.apple.product-type.bundle.unit-test";
		};
		F3ED040627FD160E00288CE6 /* PokedexUITests */ = {
			isa = PBXNativeTarget;
			buildConfigurationList = F3ED041727FD160E00288CE6 /* Build configuration list for PBXNativeTarget "PokedexUITests" */;
			buildPhases = (
				F3ED040327FD160E00288CE6 /* Sources */,
				F3ED040427FD160E00288CE6 /* Frameworks */,
				F3ED040527FD160E00288CE6 /* Resources */,
			);
			buildRules = (
			);
			dependencies = (
				F3ED040927FD160E00288CE6 /* PBXTargetDependency */,
			);
			name = PokedexUITests;
			productName = PokedexUITests;
			productReference = F3ED040727FD160E00288CE6 /* PokedexUITests.xctest */;
			productType = "com.apple.product-type.bundle.ui-testing";
		};
/* End PBXNativeTarget section */

/* Begin PBXProject section */
		F3ED03DC27FD160C00288CE6 /* Project object */ = {
			isa = PBXProject;
			attributes = {
				BuildIndependentTargetsInParallel = 1;
				LastSwiftUpdateCheck = 1320;
				LastUpgradeCheck = 1320;
				TargetAttributes = {
					F3ED03E327FD160C00288CE6 = {
						CreatedOnToolsVersion = 13.2.1;
					};
					F3ED03FC27FD160E00288CE6 = {
						CreatedOnToolsVersion = 13.2.1;
						TestTargetID = F3ED03E327FD160C00288CE6;
					};
					F3ED040627FD160E00288CE6 = {
						CreatedOnToolsVersion = 13.2.1;
						TestTargetID = F3ED03E327FD160C00288CE6;
					};
				};
			};
			buildConfigurationList = F3ED03DF27FD160C00288CE6 /* Build configuration list for PBXProject "Pokedex" */;
			compatibilityVersion = "Xcode 13.0";
			developmentRegion = en;
			hasScannedForEncodings = 0;
			knownRegions = (
				en,
				Base,
			);
			mainGroup = F3ED03DB27FD160C00288CE6;
			packageReferences = (
				F39372922894640800B8DEC7 /* XCRemoteSwiftPackageReference "SDWebImage" */,
			);
			productRefGroup = F3ED03E527FD160C00288CE6 /* Products */;
			projectDirPath = "";
			projectRoot = "";
			targets = (
				F3ED03E327FD160C00288CE6 /* Pokedex */,
				F3ED03FC27FD160E00288CE6 /* PokedexTests */,
				F3ED040627FD160E00288CE6 /* PokedexUITests */,
			);
		};
/* End PBXProject section */

/* Begin PBXResourcesBuildPhase section */
		F3ED03E227FD160C00288CE6 /* Resources */ = {
			isa = PBXResourcesBuildPhase;
			buildActionMask = 2147483647;
			files = (
				F3ED03F727FD160E00288CE6 /* LaunchScreen.storyboard in Resources */,
				F3ED041E27FD1D4900288CE6 /* MainPokedexCell.xib in Resources */,
				F3ED03F427FD160E00288CE6 /* Assets.xcassets in Resources */,
				F3ED03EF27FD160C00288CE6 /* Main.storyboard in Resources */,
			);
			runOnlyForDeploymentPostprocessing = 0;
		};
		F3ED03FB27FD160E00288CE6 /* Resources */ = {
			isa = PBXResourcesBuildPhase;
			buildActionMask = 2147483647;
			files = (
			);
			runOnlyForDeploymentPostprocessing = 0;
		};
		F3ED040527FD160E00288CE6 /* Resources */ = {
			isa = PBXResourcesBuildPhase;
			buildActionMask = 2147483647;
			files = (
			);
			runOnlyForDeploymentPostprocessing = 0;
		};
/* End PBXResourcesBuildPhase section */

/* Begin PBXSourcesBuildPhase section */
		F3ED03E027FD160C00288CE6 /* Sources */ = {
			isa = PBXSourcesBuildPhase;
			buildActionMask = 2147483647;
			files = (
				F30CB6C32805D654000E4020 /* PokemonListModel.swift in Sources */,
				F3ED042127FD20BA00288CE6 /* MainPokedexViewController.swift in Sources */,
				F376E0F52805EFA600139ED2 /* MainPokedexCollectionViewCell.swift in Sources */,
				F3ED03F227FD160C00288CE6 /* Pokedex.xcdatamodeld in Sources */,
				F3ED03EC27FD160C00288CE6 /* ViewController.swift in Sources */,
				F30CB6C02805D49C000E4020 /* Urls.swift in Sources */,
				F30CB6C52805D77C000E4020 /* PokemonModel.swift in Sources */,
				F3ED03E827FD160C00288CE6 /* AppDelegate.swift in Sources */,
				F3ED041C27FD1D3D00288CE6 /* MainPokedexCell.swift in Sources */,
				F3E2C0D42805EED7005427C3 /* MainPokedexCollectionViewController.swift in Sources */,
				F30CB6BD2805D448000E4020 /* APIServices.swift in Sources */,
				F3ED03EA27FD160C00288CE6 /* SceneDelegate.swift in Sources */,
				F30CB6C92805E3C7000E4020 /* MainPokedexViewModel.swift in Sources */,
			);
			runOnlyForDeploymentPostprocessing = 0;
		};
		F3ED03F927FD160E00288CE6 /* Sources */ = {
			isa = PBXSourcesBuildPhase;
			buildActionMask = 2147483647;
			files = (
				F3ED040227FD160E00288CE6 /* PokedexTests.swift in Sources */,
			);
			runOnlyForDeploymentPostprocessing = 0;
		};
		F3ED040327FD160E00288CE6 /* Sources */ = {
			isa = PBXSourcesBuildPhase;
			buildActionMask = 2147483647;
			files = (
				F3ED040C27FD160E00288CE6 /* PokedexUITests.swift in Sources */,
				F3ED040E27FD160E00288CE6 /* PokedexUITestsLaunchTests.swift in Sources */,
			);
			runOnlyForDeploymentPostprocessing = 0;
		};
/* End PBXSourcesBuildPhase section */

/* Begin PBXTargetDependency section */
		F3ED03FF27FD160E00288CE6 /* PBXTargetDependency */ = {
			isa = PBXTargetDependency;
			target = F3ED03E327FD160C00288CE6 /* Pokedex */;
			targetProxy = F3ED03FE27FD160E00288CE6 /* PBXContainerItemProxy */;
		};
		F3ED040927FD160E00288CE6 /* PBXTargetDependency */ = {
			isa = PBXTargetDependency;
			target = F3ED03E327FD160C00288CE6 /* Pokedex */;
			targetProxy = F3ED040827FD160E00288CE6 /* PBXContainerItemProxy */;
		};
/* End PBXTargetDependency section */

/* Begin PBXVariantGroup section */
		F3ED03ED27FD160C00288CE6 /* Main.storyboard */ = {
			isa = PBXVariantGroup;
			children = (
				F3ED03EE27FD160C00288CE6 /* Base */,
			);
			name = Main.storyboard;
			sourceTree = "<group>";
		};
		F3ED03F527FD160E00288CE6 /* LaunchScreen.storyboard */ = {
			isa = PBXVariantGroup;
			children = (
				F3ED03F627FD160E00288CE6 /* Base */,
			);
			name = LaunchScreen.storyboard;
			sourceTree = "<group>";
		};
/* End PBXVariantGroup section */

/* Begin XCBuildConfiguration section */
		F3ED040F27FD160E00288CE6 /* Debug */ = {
			isa = XCBuildConfiguration;
			buildSettings = {
				ALWAYS_SEARCH_USER_PATHS = NO;
				CLANG_ANALYZER_NONNULL = YES;
				CLANG_ANALYZER_NUMBER_OBJECT_CONVERSION = YES_AGGRESSIVE;
				CLANG_CXX_LANGUAGE_STANDARD = "gnu++17";
				CLANG_CXX_LIBRARY = "libc++";
				CLANG_ENABLE_MODULES = YES;
				CLANG_ENABLE_OBJC_ARC = YES;
				CLANG_ENABLE_OBJC_WEAK = YES;
				CLANG_WARN_BLOCK_CAPTURE_AUTORELEASING = YES;
				CLANG_WARN_BOOL_CONVERSION = YES;
				CLANG_WARN_COMMA = YES;
				CLANG_WARN_CONSTANT_CONVERSION = YES;
				CLANG_WARN_DEPRECATED_OBJC_IMPLEMENTATIONS = YES;
				CLANG_WARN_DIRECT_OBJC_ISA_USAGE = YES_ERROR;
				CLANG_WARN_DOCUMENTATION_COMMENTS = YES;
				CLANG_WARN_EMPTY_BODY = YES;
				CLANG_WARN_ENUM_CONVERSION = YES;
				CLANG_WARN_INFINITE_RECURSION = YES;
				CLANG_WARN_INT_CONVERSION = YES;
				CLANG_WARN_NON_LITERAL_NULL_CONVERSION = YES;
				CLANG_WARN_OBJC_IMPLICIT_RETAIN_SELF = YES;
				CLANG_WARN_OBJC_LITERAL_CONVERSION = YES;
				CLANG_WARN_OBJC_ROOT_CLASS = YES_ERROR;
				CLANG_WARN_QUOTED_INCLUDE_IN_FRAMEWORK_HEADER = YES;
				CLANG_WARN_RANGE_LOOP_ANALYSIS = YES;
				CLANG_WARN_STRICT_PROTOTYPES = YES;
				CLANG_WARN_SUSPICIOUS_MOVE = YES;
				CLANG_WARN_UNGUARDED_AVAILABILITY = YES_AGGRESSIVE;
				CLANG_WARN_UNREACHABLE_CODE = YES;
				CLANG_WARN__DUPLICATE_METHOD_MATCH = YES;
				COPY_PHASE_STRIP = NO;
				DEBUG_INFORMATION_FORMAT = dwarf;
				ENABLE_STRICT_OBJC_MSGSEND = YES;
				ENABLE_TESTABILITY = YES;
				GCC_C_LANGUAGE_STANDARD = gnu11;
				GCC_DYNAMIC_NO_PIC = NO;
				GCC_NO_COMMON_BLOCKS = YES;
				GCC_OPTIMIZATION_LEVEL = 0;
				GCC_PREPROCESSOR_DEFINITIONS = (
					"DEBUG=1",
					"$(inherited)",
				);
				GCC_WARN_64_TO_32_BIT_CONVERSION = YES;
				GCC_WARN_ABOUT_RETURN_TYPE = YES_ERROR;
				GCC_WARN_UNDECLARED_SELECTOR = YES;
				GCC_WARN_UNINITIALIZED_AUTOS = YES_AGGRESSIVE;
				GCC_WARN_UNUSED_FUNCTION = YES;
				GCC_WARN_UNUSED_VARIABLE = YES;
				IPHONEOS_DEPLOYMENT_TARGET = 15.2;
				MTL_ENABLE_DEBUG_INFO = INCLUDE_SOURCE;
				MTL_FAST_MATH = YES;
				ONLY_ACTIVE_ARCH = YES;
				SDKROOT = iphoneos;
				SWIFT_ACTIVE_COMPILATION_CONDITIONS = DEBUG;
				SWIFT_OPTIMIZATION_LEVEL = "-Onone";
			};
			name = Debug;
		};
		F3ED041027FD160E00288CE6 /* Release */ = {
			isa = XCBuildConfiguration;
			buildSettings = {
				ALWAYS_SEARCH_USER_PATHS = NO;
				CLANG_ANALYZER_NONNULL = YES;
				CLANG_ANALYZER_NUMBER_OBJECT_CONVERSION = YES_AGGRESSIVE;
				CLANG_CXX_LANGUAGE_STANDARD = "gnu++17";
				CLANG_CXX_LIBRARY = "libc++";
				CLANG_ENABLE_MODULES = YES;
				CLANG_ENABLE_OBJC_ARC = YES;
				CLANG_ENABLE_OBJC_WEAK = YES;
				CLANG_WARN_BLOCK_CAPTURE_AUTORELEASING = YES;
				CLANG_WARN_BOOL_CONVERSION = YES;
				CLANG_WARN_COMMA = YES;
				CLANG_WARN_CONSTANT_CONVERSION = YES;
				CLANG_WARN_DEPRECATED_OBJC_IMPLEMENTATIONS = YES;
				CLANG_WARN_DIRECT_OBJC_ISA_USAGE = YES_ERROR;
				CLANG_WARN_DOCUMENTATION_COMMENTS = YES;
				CLANG_WARN_EMPTY_BODY = YES;
				CLANG_WARN_ENUM_CONVERSION = YES;
				CLANG_WARN_INFINITE_RECURSION = YES;
				CLANG_WARN_INT_CONVERSION = YES;
				CLANG_WARN_NON_LITERAL_NULL_CONVERSION = YES;
				CLANG_WARN_OBJC_IMPLICIT_RETAIN_SELF = YES;
				CLANG_WARN_OBJC_LITERAL_CONVERSION = YES;
				CLANG_WARN_OBJC_ROOT_CLASS = YES_ERROR;
				CLANG_WARN_QUOTED_INCLUDE_IN_FRAMEWORK_HEADER = YES;
				CLANG_WARN_RANGE_LOOP_ANALYSIS = YES;
				CLANG_WARN_STRICT_PROTOTYPES = YES;
				CLANG_WARN_SUSPICIOUS_MOVE = YES;
				CLANG_WARN_UNGUARDED_AVAILABILITY = YES_AGGRESSIVE;
				CLANG_WARN_UNREACHABLE_CODE = YES;
				CLANG_WARN__DUPLICATE_METHOD_MATCH = YES;
				COPY_PHASE_STRIP = NO;
				DEBUG_INFORMATION_FORMAT = "dwarf-with-dsym";
				ENABLE_NS_ASSERTIONS = NO;
				ENABLE_STRICT_OBJC_MSGSEND = YES;
				GCC_C_LANGUAGE_STANDARD = gnu11;
				GCC_NO_COMMON_BLOCKS = YES;
				GCC_WARN_64_TO_32_BIT_CONVERSION = YES;
				GCC_WARN_ABOUT_RETURN_TYPE = YES_ERROR;
				GCC_WARN_UNDECLARED_SELECTOR = YES;
				GCC_WARN_UNINITIALIZED_AUTOS = YES_AGGRESSIVE;
				GCC_WARN_UNUSED_FUNCTION = YES;
				GCC_WARN_UNUSED_VARIABLE = YES;
				IPHONEOS_DEPLOYMENT_TARGET = 15.2;
				MTL_ENABLE_DEBUG_INFO = NO;
				MTL_FAST_MATH = YES;
				SDKROOT = iphoneos;
				SWIFT_COMPILATION_MODE = wholemodule;
				SWIFT_OPTIMIZATION_LEVEL = "-O";
				VALIDATE_PRODUCT = YES;
			};
			name = Release;
		};
		F3ED041227FD160E00288CE6 /* Debug */ = {
			isa = XCBuildConfiguration;
			buildSettings = {
				ASSETCATALOG_COMPILER_APPICON_NAME = AppIcon;
				ASSETCATALOG_COMPILER_GLOBAL_ACCENT_COLOR_NAME = AccentColor;
				CODE_SIGN_STYLE = Automatic;
				CURRENT_PROJECT_VERSION = 1;
				GENERATE_INFOPLIST_FILE = YES;
				INFOPLIST_FILE = Pokedex/Info.plist;
				INFOPLIST_KEY_UIApplicationSupportsIndirectInputEvents = YES;
				INFOPLIST_KEY_UILaunchStoryboardName = LaunchScreen;
				INFOPLIST_KEY_UIMainStoryboardFile = Main;
				INFOPLIST_KEY_UISupportedInterfaceOrientations_iPad = "UIInterfaceOrientationPortrait UIInterfaceOrientationPortraitUpsideDown UIInterfaceOrientationLandscapeLeft UIInterfaceOrientationLandscapeRight";
				INFOPLIST_KEY_UISupportedInterfaceOrientations_iPhone = "UIInterfaceOrientationPortrait UIInterfaceOrientationLandscapeLeft UIInterfaceOrientationLandscapeRight";
				LD_RUNPATH_SEARCH_PATHS = (
					"$(inherited)",
					"@executable_path/Frameworks",
				);
				MARKETING_VERSION = 1.0;
				PRODUCT_BUNDLE_IDENTIFIER = felipe.Pokedex;
				PRODUCT_NAME = "$(TARGET_NAME)";
				SWIFT_EMIT_LOC_STRINGS = YES;
				SWIFT_VERSION = 5.0;
				TARGETED_DEVICE_FAMILY = "1,2";
			};
			name = Debug;
		};
		F3ED041327FD160E00288CE6 /* Release */ = {
			isa = XCBuildConfiguration;
			buildSettings = {
				ASSETCATALOG_COMPILER_APPICON_NAME = AppIcon;
				ASSETCATALOG_COMPILER_GLOBAL_ACCENT_COLOR_NAME = AccentColor;
				CODE_SIGN_STYLE = Automatic;
				CURRENT_PROJECT_VERSION = 1;
				GENERATE_INFOPLIST_FILE = YES;
				INFOPLIST_FILE = Pokedex/Info.plist;
				INFOPLIST_KEY_UIApplicationSupportsIndirectInputEvents = YES;
				INFOPLIST_KEY_UILaunchStoryboardName = LaunchScreen;
				INFOPLIST_KEY_UIMainStoryboardFile = Main;
				INFOPLIST_KEY_UISupportedInterfaceOrientations_iPad = "UIInterfaceOrientationPortrait UIInterfaceOrientationPortraitUpsideDown UIInterfaceOrientationLandscapeLeft UIInterfaceOrientationLandscapeRight";
				INFOPLIST_KEY_UISupportedInterfaceOrientations_iPhone = "UIInterfaceOrientationPortrait UIInterfaceOrientationLandscapeLeft UIInterfaceOrientationLandscapeRight";
				LD_RUNPATH_SEARCH_PATHS = (
					"$(inherited)",
					"@executable_path/Frameworks",
				);
				MARKETING_VERSION = 1.0;
				PRODUCT_BUNDLE_IDENTIFIER = felipe.Pokedex;
				PRODUCT_NAME = "$(TARGET_NAME)";
				SWIFT_EMIT_LOC_STRINGS = YES;
				SWIFT_VERSION = 5.0;
				TARGETED_DEVICE_FAMILY = "1,2";
			};
			name = Release;
		};
		F3ED041527FD160E00288CE6 /* Debug */ = {
			isa = XCBuildConfiguration;
			buildSettings = {
				ALWAYS_EMBED_SWIFT_STANDARD_LIBRARIES = YES;
				BUNDLE_LOADER = "$(TEST_HOST)";
				CODE_SIGN_STYLE = Automatic;
				CURRENT_PROJECT_VERSION = 1;
				GENERATE_INFOPLIST_FILE = YES;
				IPHONEOS_DEPLOYMENT_TARGET = 15.2;
				MARKETING_VERSION = 1.0;
				PRODUCT_BUNDLE_IDENTIFIER = felipe.PokedexTests;
				PRODUCT_NAME = "$(TARGET_NAME)";
				SWIFT_EMIT_LOC_STRINGS = NO;
				SWIFT_VERSION = 5.0;
				TARGETED_DEVICE_FAMILY = "1,2";
				TEST_HOST = "$(BUILT_PRODUCTS_DIR)/Pokedex.app/Pokedex";
			};
			name = Debug;
		};
		F3ED041627FD160E00288CE6 /* Release */ = {
			isa = XCBuildConfiguration;
			buildSettings = {
				ALWAYS_EMBED_SWIFT_STANDARD_LIBRARIES = YES;
				BUNDLE_LOADER = "$(TEST_HOST)";
				CODE_SIGN_STYLE = Automatic;
				CURRENT_PROJECT_VERSION = 1;
				GENERATE_INFOPLIST_FILE = YES;
				IPHONEOS_DEPLOYMENT_TARGET = 15.2;
				MARKETING_VERSION = 1.0;
				PRODUCT_BUNDLE_IDENTIFIER = felipe.PokedexTests;
				PRODUCT_NAME = "$(TARGET_NAME)";
				SWIFT_EMIT_LOC_STRINGS = NO;
				SWIFT_VERSION = 5.0;
				TARGETED_DEVICE_FAMILY = "1,2";
				TEST_HOST = "$(BUILT_PRODUCTS_DIR)/Pokedex.app/Pokedex";
			};
			name = Release;
		};
		F3ED041827FD160E00288CE6 /* Debug */ = {
			isa = XCBuildConfiguration;
			buildSettings = {
				ALWAYS_EMBED_SWIFT_STANDARD_LIBRARIES = YES;
				CODE_SIGN_STYLE = Automatic;
				CURRENT_PROJECT_VERSION = 1;
				GENERATE_INFOPLIST_FILE = YES;
				MARKETING_VERSION = 1.0;
				PRODUCT_BUNDLE_IDENTIFIER = felipe.PokedexUITests;
				PRODUCT_NAME = "$(TARGET_NAME)";
				SWIFT_EMIT_LOC_STRINGS = NO;
				SWIFT_VERSION = 5.0;
				TARGETED_DEVICE_FAMILY = "1,2";
				TEST_TARGET_NAME = Pokedex;
			};
			name = Debug;
		};
		F3ED041927FD160E00288CE6 /* Release */ = {
			isa = XCBuildConfiguration;
			buildSettings = {
				ALWAYS_EMBED_SWIFT_STANDARD_LIBRARIES = YES;
				CODE_SIGN_STYLE = Automatic;
				CURRENT_PROJECT_VERSION = 1;
				GENERATE_INFOPLIST_FILE = YES;
				MARKETING_VERSION = 1.0;
				PRODUCT_BUNDLE_IDENTIFIER = felipe.PokedexUITests;
				PRODUCT_NAME = "$(TARGET_NAME)";
				SWIFT_EMIT_LOC_STRINGS = NO;
				SWIFT_VERSION = 5.0;
				TARGETED_DEVICE_FAMILY = "1,2";
				TEST_TARGET_NAME = Pokedex;
			};
			name = Release;
		};
/* End XCBuildConfiguration section */

/* Begin XCConfigurationList section */
		F3ED03DF27FD160C00288CE6 /* Build configuration list for PBXProject "Pokedex" */ = {
			isa = XCConfigurationList;
			buildConfigurations = (
				F3ED040F27FD160E00288CE6 /* Debug */,
				F3ED041027FD160E00288CE6 /* Release */,
			);
			defaultConfigurationIsVisible = 0;
			defaultConfigurationName = Release;
		};
		F3ED041127FD160E00288CE6 /* Build configuration list for PBXNativeTarget "Pokedex" */ = {
			isa = XCConfigurationList;
			buildConfigurations = (
				F3ED041227FD160E00288CE6 /* Debug */,
				F3ED041327FD160E00288CE6 /* Release */,
			);
			defaultConfigurationIsVisible = 0;
			defaultConfigurationName = Release;
		};
		F3ED041427FD160E00288CE6 /* Build configuration list for PBXNativeTarget "PokedexTests" */ = {
			isa = XCConfigurationList;
			buildConfigurations = (
				F3ED041527FD160E00288CE6 /* Debug */,
				F3ED041627FD160E00288CE6 /* Release */,
			);
			defaultConfigurationIsVisible = 0;
			defaultConfigurationName = Release;
		};
		F3ED041727FD160E00288CE6 /* Build configuration list for PBXNativeTarget "PokedexUITests" */ = {
			isa = XCConfigurationList;
			buildConfigurations = (
				F3ED041827FD160E00288CE6 /* Debug */,
				F3ED041927FD160E00288CE6 /* Release */,
			);
			defaultConfigurationIsVisible = 0;
			defaultConfigurationName = Release;
		};
/* End XCConfigurationList section */

/* Begin XCRemoteSwiftPackageReference section */
		F39372922894640800B8DEC7 /* XCRemoteSwiftPackageReference "SDWebImage" */ = {
			isa = XCRemoteSwiftPackageReference;
			repositoryURL = "https://github.com/SDWebImage/SDWebImage.git";
			requirement = {
				kind = upToNextMajorVersion;
				minimumVersion = 5.0.0;
			};
		};
/* End XCRemoteSwiftPackageReference section */

/* Begin XCSwiftPackageProductDependency section */
		F39372932894640800B8DEC7 /* SDWebImage */ = {
			isa = XCSwiftPackageProductDependency;
			package = F39372922894640800B8DEC7 /* XCRemoteSwiftPackageReference "SDWebImage" */;
			productName = SDWebImage;
		};
/* End XCSwiftPackageProductDependency section */

/* Begin XCVersionGroup section */
		F3ED03F027FD160C00288CE6 /* Pokedex.xcdatamodeld */ = {
			isa = XCVersionGroup;
			children = (
				F3ED03F127FD160C00288CE6 /* Pokedex.xcdatamodel */,
			);
			currentVersion = F3ED03F127FD160C00288CE6 /* Pokedex.xcdatamodel */;
			path = Pokedex.xcdatamodeld;
			sourceTree = "<group>";
			versionGroupType = wrapper.xcdatamodel;
		};
/* End XCVersionGroup section */
	};
	rootObject = F3ED03DC27FD160C00288CE6 /* Project object */;
}
